// !$*UTF8*$!
{
	archiveVersion = 1;
	classes = {
	};
	objectVersion = 46;
	objects = {

/* Begin PBXBuildFile section */
		A00852F21CACE9240076F011 /* AppDelegate.swift in Sources */ = {isa = PBXBuildFile; fileRef = A00852F11CACE9240076F011 /* AppDelegate.swift */; };
		A00852F91CACE9240076F011 /* Assets.xcassets in Resources */ = {isa = PBXBuildFile; fileRef = A00852F81CACE9240076F011 /* Assets.xcassets */; };
		A00852FC1CACE9240076F011 /* LaunchScreen.storyboard in Resources */ = {isa = PBXBuildFile; fileRef = A00852FA1CACE9240076F011 /* LaunchScreen.storyboard */; };
		A010C9891CCAF99600B4B1C4 /* EditItemViewController.swift in Sources */ = {isa = PBXBuildFile; fileRef = A010C9881CCAF99600B4B1C4 /* EditItemViewController.swift */; };
		A01D98211CCC2F8B00186392 /* ItemTableViewCell.swift in Sources */ = {isa = PBXBuildFile; fileRef = A01D98201CCC2F8B00186392 /* ItemTableViewCell.swift */; };
		A02AC2651CD5816E00DC856D /* MatchesTableViewController.swift in Sources */ = {isa = PBXBuildFile; fileRef = A02AC2641CD5816E00DC856D /* MatchesTableViewController.swift */; };
		A06523481CB07B1300D7CF11 /* ItemAdditionObserver.swift in Sources */ = {isa = PBXBuildFile; fileRef = A06523471CB07B1300D7CF11 /* ItemAdditionObserver.swift */; };
		A07BBA0B1CAE42600015B89B /* ServerAPI.swift in Sources */ = {isa = PBXBuildFile; fileRef = A07BBA0A1CAE42600015B89B /* ServerAPI.swift */; };
		A07BBA0D1CAE42FE0015B89B /* ServerResponseEvent.swift in Sources */ = {isa = PBXBuildFile; fileRef = A07BBA0C1CAE42FE0015B89B /* ServerResponseEvent.swift */; };
		A07BBA0F1CAE430D0015B89B /* ClientEvent.swift in Sources */ = {isa = PBXBuildFile; fileRef = A07BBA0E1CAE430D0015B89B /* ClientEvent.swift */; };
		A07BBA121CAE43EC0015B89B /* User.swift in Sources */ = {isa = PBXBuildFile; fileRef = A07BBA111CAE43EC0015B89B /* User.swift */; };
		A07BBA161CAE4F1B0015B89B /* ServerInterface.swift in Sources */ = {isa = PBXBuildFile; fileRef = A07BBA151CAE4F1B0015B89B /* ServerInterface.swift */; };
		A07BBA181CAE50EB0015B89B /* UserRegistrationResult.swift in Sources */ = {isa = PBXBuildFile; fileRef = A07BBA171CAE50EB0015B89B /* UserRegistrationResult.swift */; };
		A07BBA1E1CAE5EF60015B89B /* UserAuthenticationResult.swift in Sources */ = {isa = PBXBuildFile; fileRef = A07BBA1D1CAE5EF60015B89B /* UserAuthenticationResult.swift */; };
		A08DC8F11CB0699500A7C4DF /* UserRegistrationViewController.swift in Sources */ = {isa = PBXBuildFile; fileRef = A08DC8F01CB0699500A7C4DF /* UserRegistrationViewController.swift */; };
		A08DC8F31CB06E6100A7C4DF /* BrowserViewController.swift in Sources */ = {isa = PBXBuildFile; fileRef = A08DC8F21CB06E6100A7C4DF /* BrowserViewController.swift */; };
		A08DC8F51CB06E7A00A7C4DF /* UserItemsViewController.swift in Sources */ = {isa = PBXBuildFile; fileRef = A08DC8F41CB06E7A00A7C4DF /* UserItemsViewController.swift */; };
		A08DC8F71CB0715B00A7C4DF /* Item.swift in Sources */ = {isa = PBXBuildFile; fileRef = A08DC8F61CB0715B00A7C4DF /* Item.swift */; };
		A08DC8FB1CB077A700A7C4DF /* ItemAddOrUpdateResult.swift in Sources */ = {isa = PBXBuildFile; fileRef = A08DC8FA1CB077A700A7C4DF /* ItemAddOrUpdateResult.swift */; };
		A0B736871CD5CAA100F6BD17 /* Exchange.swift in Sources */ = {isa = PBXBuildFile; fileRef = A0B736861CD5CAA100F6BD17 /* Exchange.swift */; };
		A0B736891CD5E24D00F6BD17 /* BrowseDetailsViewController.swift in Sources */ = {isa = PBXBuildFile; fileRef = A0B736881CD5E24D00F6BD17 /* BrowseDetailsViewController.swift */; };
		A0B90BA31CD175AF006CD83C /* UIImageResizeExtension.swift in Sources */ = {isa = PBXBuildFile; fileRef = A0B90BA21CD175AF006CD83C /* UIImageResizeExtension.swift */; };
		A0B9949A1CB0EB270072C9F2 /* Picture.swift in Sources */ = {isa = PBXBuildFile; fileRef = A0B994991CB0EB270072C9F2 /* Picture.swift */; };
		A0C1B84B1CD555E700566CD8 /* MainContainerViewController.swift in Sources */ = {isa = PBXBuildFile; fileRef = A0C1B84A1CD555E700566CD8 /* MainContainerViewController.swift */; };
		A0C1B84F1CD5593300566CD8 /* MainStoryboard.storyboard in Resources */ = {isa = PBXBuildFile; fileRef = A0C1B84E1CD5593300566CD8 /* MainStoryboard.storyboard */; };
		A0C1B8511CD56C1900566CD8 /* MenuViewController.swift in Sources */ = {isa = PBXBuildFile; fileRef = A0C1B8501CD56C1900566CD8 /* MenuViewController.swift */; };
		A0C9B40B1CAFA26B00420332 /* UserAuthenticationObserver.swift in Sources */ = {isa = PBXBuildFile; fileRef = A0C9B40A1CAFA26B00420332 /* UserAuthenticationObserver.swift */; };
		A0C9B40D1CAFA27700420332 /* UserRegistrationObserver.swift in Sources */ = {isa = PBXBuildFile; fileRef = A0C9B40C1CAFA27700420332 /* UserRegistrationObserver.swift */; };
		A0DEA78F1CAD1871000894A5 /* SocketAckEmitter.swift in Sources */ = {isa = PBXBuildFile; fileRef = A0DEA77A1CAD1871000894A5 /* SocketAckEmitter.swift */; };
		A0DEA7901CAD1871000894A5 /* SocketAckManager.swift in Sources */ = {isa = PBXBuildFile; fileRef = A0DEA77B1CAD1871000894A5 /* SocketAckManager.swift */; };
		A0DEA7911CAD1871000894A5 /* SocketAnyEvent.swift in Sources */ = {isa = PBXBuildFile; fileRef = A0DEA77C1CAD1871000894A5 /* SocketAnyEvent.swift */; };
		A0DEA7921CAD1871000894A5 /* SocketClientSpec.swift in Sources */ = {isa = PBXBuildFile; fileRef = A0DEA77D1CAD1871000894A5 /* SocketClientSpec.swift */; };
		A0DEA7931CAD1871000894A5 /* SocketEngine.swift in Sources */ = {isa = PBXBuildFile; fileRef = A0DEA77E1CAD1871000894A5 /* SocketEngine.swift */; };
		A0DEA7941CAD1871000894A5 /* SocketEngineClient.swift in Sources */ = {isa = PBXBuildFile; fileRef = A0DEA77F1CAD1871000894A5 /* SocketEngineClient.swift */; };
		A0DEA7951CAD1871000894A5 /* SocketEnginePacketType.swift in Sources */ = {isa = PBXBuildFile; fileRef = A0DEA7801CAD1871000894A5 /* SocketEnginePacketType.swift */; };
		A0DEA7961CAD1871000894A5 /* SocketEnginePollable.swift in Sources */ = {isa = PBXBuildFile; fileRef = A0DEA7811CAD1871000894A5 /* SocketEnginePollable.swift */; };
		A0DEA7971CAD1871000894A5 /* SocketEngineSpec.swift in Sources */ = {isa = PBXBuildFile; fileRef = A0DEA7821CAD1871000894A5 /* SocketEngineSpec.swift */; };
		A0DEA7981CAD1871000894A5 /* SocketEngineWebsocket.swift in Sources */ = {isa = PBXBuildFile; fileRef = A0DEA7831CAD1871000894A5 /* SocketEngineWebsocket.swift */; };
		A0DEA7991CAD1871000894A5 /* SocketEventHandler.swift in Sources */ = {isa = PBXBuildFile; fileRef = A0DEA7841CAD1871000894A5 /* SocketEventHandler.swift */; };
		A0DEA79A1CAD1871000894A5 /* SocketIOClient.swift in Sources */ = {isa = PBXBuildFile; fileRef = A0DEA7851CAD1871000894A5 /* SocketIOClient.swift */; };
		A0DEA79B1CAD1871000894A5 /* SocketIOClientOption.swift in Sources */ = {isa = PBXBuildFile; fileRef = A0DEA7861CAD1871000894A5 /* SocketIOClientOption.swift */; };
		A0DEA79C1CAD1871000894A5 /* SocketIOClientStatus.swift in Sources */ = {isa = PBXBuildFile; fileRef = A0DEA7871CAD1871000894A5 /* SocketIOClientStatus.swift */; };
		A0DEA79D1CAD1871000894A5 /* SocketLogger.swift in Sources */ = {isa = PBXBuildFile; fileRef = A0DEA7881CAD1871000894A5 /* SocketLogger.swift */; };
		A0DEA79E1CAD1871000894A5 /* SocketPacket.swift in Sources */ = {isa = PBXBuildFile; fileRef = A0DEA7891CAD1871000894A5 /* SocketPacket.swift */; };
		A0DEA79F1CAD1871000894A5 /* SocketParsable.swift in Sources */ = {isa = PBXBuildFile; fileRef = A0DEA78A1CAD1871000894A5 /* SocketParsable.swift */; };
		A0DEA7A01CAD1871000894A5 /* SocketStringReader.swift in Sources */ = {isa = PBXBuildFile; fileRef = A0DEA78B1CAD1871000894A5 /* SocketStringReader.swift */; };
		A0DEA7A11CAD1871000894A5 /* SocketTypes.swift in Sources */ = {isa = PBXBuildFile; fileRef = A0DEA78C1CAD1871000894A5 /* SocketTypes.swift */; };
		A0DEA7A21CAD1871000894A5 /* SwiftRegex.swift in Sources */ = {isa = PBXBuildFile; fileRef = A0DEA78D1CAD1871000894A5 /* SwiftRegex.swift */; };
		A0DEA7A31CAD1871000894A5 /* WebSocket.swift in Sources */ = {isa = PBXBuildFile; fileRef = A0DEA78E1CAD1871000894A5 /* WebSocket.swift */; };
		A0F359291CAF902D007F18AC /* LoginViewController.swift in Sources */ = {isa = PBXBuildFile; fileRef = A0F359281CAF902D007F18AC /* LoginViewController.swift */; };
/* End PBXBuildFile section */

/* Begin PBXFileReference section */
		A00852EE1CACE9240076F011 /* eXchangr.app */ = {isa = PBXFileReference; explicitFileType = wrapper.application; includeInIndex = 0; path = eXchangr.app; sourceTree = BUILT_PRODUCTS_DIR; };
		A00852F11CACE9240076F011 /* AppDelegate.swift */ = {isa = PBXFileReference; lastKnownFileType = sourcecode.swift; path = AppDelegate.swift; sourceTree = "<group>"; };
		A00852F81CACE9240076F011 /* Assets.xcassets */ = {isa = PBXFileReference; lastKnownFileType = folder.assetcatalog; path = Assets.xcassets; sourceTree = "<group>"; };
		A00852FB1CACE9240076F011 /* Base */ = {isa = PBXFileReference; lastKnownFileType = file.storyboard; name = Base; path = Base.lproj/LaunchScreen.storyboard; sourceTree = "<group>"; };
		A00852FD1CACE9240076F011 /* Info.plist */ = {isa = PBXFileReference; lastKnownFileType = text.plist.xml; path = Info.plist; sourceTree = "<group>"; };
		A010C9881CCAF99600B4B1C4 /* EditItemViewController.swift */ = {isa = PBXFileReference; fileEncoding = 4; lastKnownFileType = sourcecode.swift; path = EditItemViewController.swift; sourceTree = "<group>"; };
		A01D98201CCC2F8B00186392 /* ItemTableViewCell.swift */ = {isa = PBXFileReference; fileEncoding = 4; lastKnownFileType = sourcecode.swift; path = ItemTableViewCell.swift; sourceTree = "<group>"; };
		A02AC2641CD5816E00DC856D /* MatchesTableViewController.swift */ = {isa = PBXFileReference; fileEncoding = 4; lastKnownFileType = sourcecode.swift; path = MatchesTableViewController.swift; sourceTree = "<group>"; };
		A06523471CB07B1300D7CF11 /* ItemAdditionObserver.swift */ = {isa = PBXFileReference; fileEncoding = 4; lastKnownFileType = sourcecode.swift; path = ItemAdditionObserver.swift; sourceTree = "<group>"; };
		A07BBA0A1CAE42600015B89B /* ServerAPI.swift */ = {isa = PBXFileReference; fileEncoding = 4; lastKnownFileType = sourcecode.swift; path = ServerAPI.swift; sourceTree = "<group>"; };
		A07BBA0C1CAE42FE0015B89B /* ServerResponseEvent.swift */ = {isa = PBXFileReference; fileEncoding = 4; lastKnownFileType = sourcecode.swift; path = ServerResponseEvent.swift; sourceTree = "<group>"; };
		A07BBA0E1CAE430D0015B89B /* ClientEvent.swift */ = {isa = PBXFileReference; fileEncoding = 4; lastKnownFileType = sourcecode.swift; path = ClientEvent.swift; sourceTree = "<group>"; };
		A07BBA111CAE43EC0015B89B /* User.swift */ = {isa = PBXFileReference; fileEncoding = 4; lastKnownFileType = sourcecode.swift; path = User.swift; sourceTree = "<group>"; };
		A07BBA151CAE4F1B0015B89B /* ServerInterface.swift */ = {isa = PBXFileReference; fileEncoding = 4; lastKnownFileType = sourcecode.swift; path = ServerInterface.swift; sourceTree = "<group>"; };
		A07BBA171CAE50EB0015B89B /* UserRegistrationResult.swift */ = {isa = PBXFileReference; fileEncoding = 4; lastKnownFileType = sourcecode.swift; path = UserRegistrationResult.swift; sourceTree = "<group>"; };
		A07BBA1D1CAE5EF60015B89B /* UserAuthenticationResult.swift */ = {isa = PBXFileReference; fileEncoding = 4; lastKnownFileType = sourcecode.swift; path = UserAuthenticationResult.swift; sourceTree = "<group>"; };
		A08DC8F01CB0699500A7C4DF /* UserRegistrationViewController.swift */ = {isa = PBXFileReference; fileEncoding = 4; lastKnownFileType = sourcecode.swift; path = UserRegistrationViewController.swift; sourceTree = "<group>"; };
		A08DC8F21CB06E6100A7C4DF /* BrowserViewController.swift */ = {isa = PBXFileReference; fileEncoding = 4; lastKnownFileType = sourcecode.swift; path = BrowserViewController.swift; sourceTree = "<group>"; };
		A08DC8F41CB06E7A00A7C4DF /* UserItemsViewController.swift */ = {isa = PBXFileReference; fileEncoding = 4; lastKnownFileType = sourcecode.swift; path = UserItemsViewController.swift; sourceTree = "<group>"; };
		A08DC8F61CB0715B00A7C4DF /* Item.swift */ = {isa = PBXFileReference; fileEncoding = 4; lastKnownFileType = sourcecode.swift; path = Item.swift; sourceTree = "<group>"; };
		A08DC8FA1CB077A700A7C4DF /* ItemAddOrUpdateResult.swift */ = {isa = PBXFileReference; fileEncoding = 4; lastKnownFileType = sourcecode.swift; path = ItemAddOrUpdateResult.swift; sourceTree = "<group>"; };
		A0B736861CD5CAA100F6BD17 /* Exchange.swift */ = {isa = PBXFileReference; fileEncoding = 4; lastKnownFileType = sourcecode.swift; path = Exchange.swift; sourceTree = "<group>"; };
		A0B736881CD5E24D00F6BD17 /* BrowseDetailsViewController.swift */ = {isa = PBXFileReference; fileEncoding = 4; lastKnownFileType = sourcecode.swift; path = BrowseDetailsViewController.swift; sourceTree = "<group>"; };
		A0B90BA21CD175AF006CD83C /* UIImageResizeExtension.swift */ = {isa = PBXFileReference; fileEncoding = 4; lastKnownFileType = sourcecode.swift; path = UIImageResizeExtension.swift; sourceTree = "<group>"; };
		A0B994991CB0EB270072C9F2 /* Picture.swift */ = {isa = PBXFileReference; fileEncoding = 4; lastKnownFileType = sourcecode.swift; path = Picture.swift; sourceTree = "<group>"; };
		A0C1B84A1CD555E700566CD8 /* MainContainerViewController.swift */ = {isa = PBXFileReference; fileEncoding = 4; lastKnownFileType = sourcecode.swift; path = MainContainerViewController.swift; sourceTree = "<group>"; };
		A0C1B84E1CD5593300566CD8 /* MainStoryboard.storyboard */ = {isa = PBXFileReference; fileEncoding = 4; lastKnownFileType = file.storyboard; path = MainStoryboard.storyboard; sourceTree = "<group>"; };
		A0C1B8501CD56C1900566CD8 /* MenuViewController.swift */ = {isa = PBXFileReference; fileEncoding = 4; lastKnownFileType = sourcecode.swift; path = MenuViewController.swift; sourceTree = "<group>"; };
		A0C9B40A1CAFA26B00420332 /* UserAuthenticationObserver.swift */ = {isa = PBXFileReference; fileEncoding = 4; lastKnownFileType = sourcecode.swift; path = UserAuthenticationObserver.swift; sourceTree = "<group>"; };
		A0C9B40C1CAFA27700420332 /* UserRegistrationObserver.swift */ = {isa = PBXFileReference; fileEncoding = 4; lastKnownFileType = sourcecode.swift; path = UserRegistrationObserver.swift; sourceTree = "<group>"; };
		A0DEA77A1CAD1871000894A5 /* SocketAckEmitter.swift */ = {isa = PBXFileReference; fileEncoding = 4; lastKnownFileType = sourcecode.swift; path = SocketAckEmitter.swift; sourceTree = "<group>"; };
		A0DEA77B1CAD1871000894A5 /* SocketAckManager.swift */ = {isa = PBXFileReference; fileEncoding = 4; lastKnownFileType = sourcecode.swift; path = SocketAckManager.swift; sourceTree = "<group>"; };
		A0DEA77C1CAD1871000894A5 /* SocketAnyEvent.swift */ = {isa = PBXFileReference; fileEncoding = 4; lastKnownFileType = sourcecode.swift; path = SocketAnyEvent.swift; sourceTree = "<group>"; };
		A0DEA77D1CAD1871000894A5 /* SocketClientSpec.swift */ = {isa = PBXFileReference; fileEncoding = 4; lastKnownFileType = sourcecode.swift; path = SocketClientSpec.swift; sourceTree = "<group>"; };
		A0DEA77E1CAD1871000894A5 /* SocketEngine.swift */ = {isa = PBXFileReference; fileEncoding = 4; lastKnownFileType = sourcecode.swift; path = SocketEngine.swift; sourceTree = "<group>"; };
		A0DEA77F1CAD1871000894A5 /* SocketEngineClient.swift */ = {isa = PBXFileReference; fileEncoding = 4; lastKnownFileType = sourcecode.swift; path = SocketEngineClient.swift; sourceTree = "<group>"; };
		A0DEA7801CAD1871000894A5 /* SocketEnginePacketType.swift */ = {isa = PBXFileReference; fileEncoding = 4; lastKnownFileType = sourcecode.swift; path = SocketEnginePacketType.swift; sourceTree = "<group>"; };
		A0DEA7811CAD1871000894A5 /* SocketEnginePollable.swift */ = {isa = PBXFileReference; fileEncoding = 4; lastKnownFileType = sourcecode.swift; path = SocketEnginePollable.swift; sourceTree = "<group>"; };
		A0DEA7821CAD1871000894A5 /* SocketEngineSpec.swift */ = {isa = PBXFileReference; fileEncoding = 4; lastKnownFileType = sourcecode.swift; path = SocketEngineSpec.swift; sourceTree = "<group>"; };
		A0DEA7831CAD1871000894A5 /* SocketEngineWebsocket.swift */ = {isa = PBXFileReference; fileEncoding = 4; lastKnownFileType = sourcecode.swift; path = SocketEngineWebsocket.swift; sourceTree = "<group>"; };
		A0DEA7841CAD1871000894A5 /* SocketEventHandler.swift */ = {isa = PBXFileReference; fileEncoding = 4; lastKnownFileType = sourcecode.swift; path = SocketEventHandler.swift; sourceTree = "<group>"; };
		A0DEA7851CAD1871000894A5 /* SocketIOClient.swift */ = {isa = PBXFileReference; fileEncoding = 4; lastKnownFileType = sourcecode.swift; path = SocketIOClient.swift; sourceTree = "<group>"; };
		A0DEA7861CAD1871000894A5 /* SocketIOClientOption.swift */ = {isa = PBXFileReference; fileEncoding = 4; lastKnownFileType = sourcecode.swift; path = SocketIOClientOption.swift; sourceTree = "<group>"; };
		A0DEA7871CAD1871000894A5 /* SocketIOClientStatus.swift */ = {isa = PBXFileReference; fileEncoding = 4; lastKnownFileType = sourcecode.swift; path = SocketIOClientStatus.swift; sourceTree = "<group>"; };
		A0DEA7881CAD1871000894A5 /* SocketLogger.swift */ = {isa = PBXFileReference; fileEncoding = 4; lastKnownFileType = sourcecode.swift; path = SocketLogger.swift; sourceTree = "<group>"; };
		A0DEA7891CAD1871000894A5 /* SocketPacket.swift */ = {isa = PBXFileReference; fileEncoding = 4; lastKnownFileType = sourcecode.swift; path = SocketPacket.swift; sourceTree = "<group>"; };
		A0DEA78A1CAD1871000894A5 /* SocketParsable.swift */ = {isa = PBXFileReference; fileEncoding = 4; lastKnownFileType = sourcecode.swift; path = SocketParsable.swift; sourceTree = "<group>"; };
		A0DEA78B1CAD1871000894A5 /* SocketStringReader.swift */ = {isa = PBXFileReference; fileEncoding = 4; lastKnownFileType = sourcecode.swift; path = SocketStringReader.swift; sourceTree = "<group>"; };
		A0DEA78C1CAD1871000894A5 /* SocketTypes.swift */ = {isa = PBXFileReference; fileEncoding = 4; lastKnownFileType = sourcecode.swift; path = SocketTypes.swift; sourceTree = "<group>"; };
		A0DEA78D1CAD1871000894A5 /* SwiftRegex.swift */ = {isa = PBXFileReference; fileEncoding = 4; lastKnownFileType = sourcecode.swift; path = SwiftRegex.swift; sourceTree = "<group>"; };
		A0DEA78E1CAD1871000894A5 /* WebSocket.swift */ = {isa = PBXFileReference; fileEncoding = 4; lastKnownFileType = sourcecode.swift; path = WebSocket.swift; sourceTree = "<group>"; };
		A0F359281CAF902D007F18AC /* LoginViewController.swift */ = {isa = PBXFileReference; fileEncoding = 4; lastKnownFileType = sourcecode.swift; path = LoginViewController.swift; sourceTree = "<group>"; };
/* End PBXFileReference section */

/* Begin PBXFrameworksBuildPhase section */
		A00852EB1CACE9240076F011 /* Frameworks */ = {
			isa = PBXFrameworksBuildPhase;
			buildActionMask = 2147483647;
			files = (
			);
			runOnlyForDeploymentPostprocessing = 0;
		};
/* End PBXFrameworksBuildPhase section */

/* Begin PBXGroup section */
		A00852E51CACE9240076F011 = {
			isa = PBXGroup;
			children = (
				A00852F01CACE9240076F011 /* eXchangr */,
				A00852EF1CACE9240076F011 /* Products */,
			);
			sourceTree = "<group>";
		};
		A00852EF1CACE9240076F011 /* Products */ = {
			isa = PBXGroup;
			children = (
				A00852EE1CACE9240076F011 /* eXchangr.app */,
			);
			name = Products;
			sourceTree = "<group>";
		};
		A00852F01CACE9240076F011 /* eXchangr */ = {
			isa = PBXGroup;
			children = (
				A0B90BA11CD17590006CD83C /* Extensions */,
				A0B65C801CC1BCD0001D78FB /* View */,
				A0F359271CAF8FA9007F18AC /* Controller */,
				A00852F11CACE9240076F011 /* AppDelegate.swift */,
				A07BBA101CAE43CF0015B89B /* Model */,
				A07BBA091CAE42470015B89B /* Server Communication */,
				A00853031CACE9540076F011 /* Support Files */,
			);
			path = eXchangr;
			sourceTree = "<group>";
		};
		A00853031CACE9540076F011 /* Support Files */ = {
			isa = PBXGroup;
			children = (
				A0DEA7781CAD1871000894A5 /* Libraries */,
				A00852F81CACE9240076F011 /* Assets.xcassets */,
				A00852FA1CACE9240076F011 /* LaunchScreen.storyboard */,
				A00852FD1CACE9240076F011 /* Info.plist */,
			);
			name = "Support Files";
			sourceTree = "<group>";
		};
		A06523461CB07B0700D7CF11 /* Item */ = {
			isa = PBXGroup;
			children = (
				A06523471CB07B1300D7CF11 /* ItemAdditionObserver.swift */,
			);
			name = Item;
			sourceTree = "<group>";
		};
		A07BBA091CAE42470015B89B /* Server Communication */ = {
			isa = PBXGroup;
			children = (
				A0C9B4081CAFA24700420332 /* Observers */,
				A07BBA1C1CAE5EDF0015B89B /* Server Results */,
				A07BBA191CAE532C0015B89B /* Events */,
				A07BBA151CAE4F1B0015B89B /* ServerInterface.swift */,
				A07BBA0A1CAE42600015B89B /* ServerAPI.swift */,
			);
			name = "Server Communication";
			sourceTree = "<group>";
		};
		A07BBA101CAE43CF0015B89B /* Model */ = {
			isa = PBXGroup;
			children = (
				A07BBA111CAE43EC0015B89B /* User.swift */,
				A08DC8F61CB0715B00A7C4DF /* Item.swift */,
				A0B994991CB0EB270072C9F2 /* Picture.swift */,
				A0B736861CD5CAA100F6BD17 /* Exchange.swift */,
			);
			name = Model;
			sourceTree = "<group>";
		};
		A07BBA191CAE532C0015B89B /* Events */ = {
			isa = PBXGroup;
			children = (
				A07BBA0C1CAE42FE0015B89B /* ServerResponseEvent.swift */,
				A07BBA0E1CAE430D0015B89B /* ClientEvent.swift */,
			);
			name = Events;
			sourceTree = "<group>";
		};
		A07BBA1C1CAE5EDF0015B89B /* Server Results */ = {
			isa = PBXGroup;
			children = (
				A07BBA171CAE50EB0015B89B /* UserRegistrationResult.swift */,
				A07BBA1D1CAE5EF60015B89B /* UserAuthenticationResult.swift */,
				A08DC8FA1CB077A700A7C4DF /* ItemAddOrUpdateResult.swift */,
			);
			name = "Server Results";
			sourceTree = "<group>";
		};
		A0B65C801CC1BCD0001D78FB /* View */ = {
			isa = PBXGroup;
			children = (
				A0C1B84E1CD5593300566CD8 /* MainStoryboard.storyboard */,
			);
			name = View;
			sourceTree = "<group>";
		};
		A0B90BA11CD17590006CD83C /* Extensions */ = {
			isa = PBXGroup;
			children = (
				A0B90BA21CD175AF006CD83C /* UIImageResizeExtension.swift */,
			);
			name = Extensions;
			sourceTree = "<group>";
		};
		A0C9B4081CAFA24700420332 /* Observers */ = {
			isa = PBXGroup;
			children = (
				A06523461CB07B0700D7CF11 /* Item */,
				A0C9B4091CAFA25100420332 /* User */,
			);
			name = Observers;
			sourceTree = "<group>";
		};
		A0C9B4091CAFA25100420332 /* User */ = {
			isa = PBXGroup;
			children = (
				A0C9B40A1CAFA26B00420332 /* UserAuthenticationObserver.swift */,
				A0C9B40C1CAFA27700420332 /* UserRegistrationObserver.swift */,
			);
			name = User;
			sourceTree = "<group>";
		};
		A0DEA7781CAD1871000894A5 /* Libraries */ = {
			isa = PBXGroup;
			children = (
				A0DEA7791CAD1871000894A5 /* SocketIO */,
			);
			path = Libraries;
			sourceTree = "<group>";
		};
		A0DEA7791CAD1871000894A5 /* SocketIO */ = {
			isa = PBXGroup;
			children = (
				A0DEA77A1CAD1871000894A5 /* SocketAckEmitter.swift */,
				A0DEA77B1CAD1871000894A5 /* SocketAckManager.swift */,
				A0DEA77C1CAD1871000894A5 /* SocketAnyEvent.swift */,
				A0DEA77D1CAD1871000894A5 /* SocketClientSpec.swift */,
				A0DEA77E1CAD1871000894A5 /* SocketEngine.swift */,
				A0DEA77F1CAD1871000894A5 /* SocketEngineClient.swift */,
				A0DEA7801CAD1871000894A5 /* SocketEnginePacketType.swift */,
				A0DEA7811CAD1871000894A5 /* SocketEnginePollable.swift */,
				A0DEA7821CAD1871000894A5 /* SocketEngineSpec.swift */,
				A0DEA7831CAD1871000894A5 /* SocketEngineWebsocket.swift */,
				A0DEA7841CAD1871000894A5 /* SocketEventHandler.swift */,
				A0DEA7851CAD1871000894A5 /* SocketIOClient.swift */,
				A0DEA7861CAD1871000894A5 /* SocketIOClientOption.swift */,
				A0DEA7871CAD1871000894A5 /* SocketIOClientStatus.swift */,
				A0DEA7881CAD1871000894A5 /* SocketLogger.swift */,
				A0DEA7891CAD1871000894A5 /* SocketPacket.swift */,
				A0DEA78A1CAD1871000894A5 /* SocketParsable.swift */,
				A0DEA78B1CAD1871000894A5 /* SocketStringReader.swift */,
				A0DEA78C1CAD1871000894A5 /* SocketTypes.swift */,
				A0DEA78D1CAD1871000894A5 /* SwiftRegex.swift */,
				A0DEA78E1CAD1871000894A5 /* WebSocket.swift */,
			);
			path = SocketIO;
			sourceTree = "<group>";
		};
		A0F359271CAF8FA9007F18AC /* Controller */ = {
			isa = PBXGroup;
			children = (
				A0F359281CAF902D007F18AC /* LoginViewController.swift */,
				A08DC8F01CB0699500A7C4DF /* UserRegistrationViewController.swift */,
				A08DC8F21CB06E6100A7C4DF /* BrowserViewController.swift */,
				A08DC8F41CB06E7A00A7C4DF /* UserItemsViewController.swift */,
				A010C9881CCAF99600B4B1C4 /* EditItemViewController.swift */,
				A01D98201CCC2F8B00186392 /* ItemTableViewCell.swift */,
				A0C1B84A1CD555E700566CD8 /* MainContainerViewController.swift */,
				A0C1B8501CD56C1900566CD8 /* MenuViewController.swift */,
				A02AC2641CD5816E00DC856D /* MatchesTableViewController.swift */,
				A0B736881CD5E24D00F6BD17 /* BrowseDetailsViewController.swift */,
			);
			name = Controller;
			sourceTree = "<group>";
		};
/* End PBXGroup section */

/* Begin PBXNativeTarget section */
		A00852ED1CACE9240076F011 /* eXchangr */ = {
			isa = PBXNativeTarget;
			buildConfigurationList = A00853001CACE9240076F011 /* Build configuration list for PBXNativeTarget "eXchangr" */;
			buildPhases = (
				A00852EA1CACE9240076F011 /* Sources */,
				A00852EB1CACE9240076F011 /* Frameworks */,
				A00852EC1CACE9240076F011 /* Resources */,
			);
			buildRules = (
			);
			dependencies = (
			);
			name = eXchangr;
			productName = eXchangr;
			productReference = A00852EE1CACE9240076F011 /* eXchangr.app */;
			productType = "com.apple.product-type.application";
		};
/* End PBXNativeTarget section */

/* Begin PBXProject section */
		A00852E61CACE9240076F011 /* Project object */ = {
			isa = PBXProject;
			attributes = {
				LastSwiftUpdateCheck = 0730;
				LastUpgradeCheck = 0730;
				ORGANIZATIONNAME = eXchangr;
				TargetAttributes = {
					A00852ED1CACE9240076F011 = {
						CreatedOnToolsVersion = 7.3;
						DevelopmentTeam = 3MQDHBSZ6N;
					};
				};
			};
			buildConfigurationList = A00852E91CACE9240076F011 /* Build configuration list for PBXProject "eXchangr" */;
			compatibilityVersion = "Xcode 3.2";
			developmentRegion = English;
			hasScannedForEncodings = 0;
			knownRegions = (
				en,
				Base,
			);
			mainGroup = A00852E51CACE9240076F011;
			productRefGroup = A00852EF1CACE9240076F011 /* Products */;
			projectDirPath = "";
			projectRoot = "";
			targets = (
				A00852ED1CACE9240076F011 /* eXchangr */,
			);
		};
/* End PBXProject section */

/* Begin PBXResourcesBuildPhase section */
		A00852EC1CACE9240076F011 /* Resources */ = {
			isa = PBXResourcesBuildPhase;
			buildActionMask = 2147483647;
			files = (
				A0C1B84F1CD5593300566CD8 /* MainStoryboard.storyboard in Resources */,
				A00852FC1CACE9240076F011 /* LaunchScreen.storyboard in Resources */,
				A00852F91CACE9240076F011 /* Assets.xcassets in Resources */,
			);
			runOnlyForDeploymentPostprocessing = 0;
		};
/* End PBXResourcesBuildPhase section */

/* Begin PBXSourcesBuildPhase section */
		A00852EA1CACE9240076F011 /* Sources */ = {
			isa = PBXSourcesBuildPhase;
			buildActionMask = 2147483647;
			files = (
				A07BBA181CAE50EB0015B89B /* UserRegistrationResult.swift in Sources */,
				A07BBA121CAE43EC0015B89B /* User.swift in Sources */,
				A0DEA7991CAD1871000894A5 /* SocketEventHandler.swift in Sources */,
				A0B90BA31CD175AF006CD83C /* UIImageResizeExtension.swift in Sources */,
				A01D98211CCC2F8B00186392 /* ItemTableViewCell.swift in Sources */,
				A07BBA1E1CAE5EF60015B89B /* UserAuthenticationResult.swift in Sources */,
				A0DEA79C1CAD1871000894A5 /* SocketIOClientStatus.swift in Sources */,
				A0DEA7A11CAD1871000894A5 /* SocketTypes.swift in Sources */,
				A0B736871CD5CAA100F6BD17 /* Exchange.swift in Sources */,
				A0DEA7A31CAD1871000894A5 /* WebSocket.swift in Sources */,
				A07BBA0D1CAE42FE0015B89B /* ServerResponseEvent.swift in Sources */,
				A0DEA7951CAD1871000894A5 /* SocketEnginePacketType.swift in Sources */,
				A0DEA7941CAD1871000894A5 /* SocketEngineClient.swift in Sources */,
				A0DEA7931CAD1871000894A5 /* SocketEngine.swift in Sources */,
				A0DEA7981CAD1871000894A5 /* SocketEngineWebsocket.swift in Sources */,
				A06523481CB07B1300D7CF11 /* ItemAdditionObserver.swift in Sources */,
				A0C1B8511CD56C1900566CD8 /* MenuViewController.swift in Sources */,
				A0B736891CD5E24D00F6BD17 /* BrowseDetailsViewController.swift in Sources */,
				A0DEA79D1CAD1871000894A5 /* SocketLogger.swift in Sources */,
				A0DEA7971CAD1871000894A5 /* SocketEngineSpec.swift in Sources */,
				A07BBA161CAE4F1B0015B89B /* ServerInterface.swift in Sources */,
				A0DEA7A01CAD1871000894A5 /* SocketStringReader.swift in Sources */,
				A0C9B40B1CAFA26B00420332 /* UserAuthenticationObserver.swift in Sources */,
				A0DEA7901CAD1871000894A5 /* SocketAckManager.swift in Sources */,
				A0DEA7961CAD1871000894A5 /* SocketEnginePollable.swift in Sources */,
				A08DC8F31CB06E6100A7C4DF /* BrowserViewController.swift in Sources */,
				A08DC8F11CB0699500A7C4DF /* UserRegistrationViewController.swift in Sources */,
				A0F359291CAF902D007F18AC /* LoginViewController.swift in Sources */,
				A0C1B84B1CD555E700566CD8 /* MainContainerViewController.swift in Sources */,
				A00852F21CACE9240076F011 /* AppDelegate.swift in Sources */,
				A0DEA7911CAD1871000894A5 /* SocketAnyEvent.swift in Sources */,
				A02AC2651CD5816E00DC856D /* MatchesTableViewController.swift in Sources */,
				A0DEA79B1CAD1871000894A5 /* SocketIOClientOption.swift in Sources */,
				A08DC8F51CB06E7A00A7C4DF /* UserItemsViewController.swift in Sources */,
				A010C9891CCAF99600B4B1C4 /* EditItemViewController.swift in Sources */,
				A07BBA0B1CAE42600015B89B /* ServerAPI.swift in Sources */,
				A0DEA79A1CAD1871000894A5 /* SocketIOClient.swift in Sources */,
				A08DC8F71CB0715B00A7C4DF /* Item.swift in Sources */,
				A0DEA79F1CAD1871000894A5 /* SocketParsable.swift in Sources */,
				A07BBA0F1CAE430D0015B89B /* ClientEvent.swift in Sources */,
				A0C9B40D1CAFA27700420332 /* UserRegistrationObserver.swift in Sources */,
				A0DEA7A21CAD1871000894A5 /* SwiftRegex.swift in Sources */,
				A0DEA78F1CAD1871000894A5 /* SocketAckEmitter.swift in Sources */,
				A0DEA79E1CAD1871000894A5 /* SocketPacket.swift in Sources */,
				A0B9949A1CB0EB270072C9F2 /* Picture.swift in Sources */,
				A0DEA7921CAD1871000894A5 /* SocketClientSpec.swift in Sources */,
				A08DC8FB1CB077A700A7C4DF /* ItemAddOrUpdateResult.swift in Sources */,
			);
			runOnlyForDeploymentPostprocessing = 0;
		};
/* End PBXSourcesBuildPhase section */

/* Begin PBXVariantGroup section */
		A00852FA1CACE9240076F011 /* LaunchScreen.storyboard */ = {
			isa = PBXVariantGroup;
			children = (
				A00852FB1CACE9240076F011 /* Base */,
			);
			name = LaunchScreen.storyboard;
			sourceTree = "<group>";
		};
/* End PBXVariantGroup section */

/* Begin XCBuildConfiguration section */
		A00852FE1CACE9240076F011 /* Debug */ = {
			isa = XCBuildConfiguration;
			buildSettings = {
				ALWAYS_SEARCH_USER_PATHS = NO;
				CLANG_ANALYZER_NONNULL = YES;
				CLANG_CXX_LANGUAGE_STANDARD = "gnu++0x";
				CLANG_CXX_LIBRARY = "libc++";
				CLANG_ENABLE_MODULES = YES;
				CLANG_ENABLE_OBJC_ARC = YES;
				CLANG_WARN_BOOL_CONVERSION = YES;
				CLANG_WARN_CONSTANT_CONVERSION = YES;
				CLANG_WARN_DIRECT_OBJC_ISA_USAGE = YES_ERROR;
				CLANG_WARN_EMPTY_BODY = YES;
				CLANG_WARN_ENUM_CONVERSION = YES;
				CLANG_WARN_INT_CONVERSION = YES;
				CLANG_WARN_OBJC_ROOT_CLASS = YES_ERROR;
				CLANG_WARN_UNREACHABLE_CODE = YES;
				CLANG_WARN__DUPLICATE_METHOD_MATCH = YES;
				"CODE_SIGN_IDENTITY[sdk=iphoneos*]" = "iPhone Developer";
				COPY_PHASE_STRIP = NO;
				DEBUG_INFORMATION_FORMAT = dwarf;
				ENABLE_STRICT_OBJC_MSGSEND = YES;
				ENABLE_TESTABILITY = YES;
				GCC_C_LANGUAGE_STANDARD = gnu99;
				GCC_DYNAMIC_NO_PIC = NO;
				GCC_NO_COMMON_BLOCKS = YES;
				GCC_OPTIMIZATION_LEVEL = 0;
				GCC_PREPROCESSOR_DEFINITIONS = (
					"DEBUG=1",
					"$(inherited)",
				);
				GCC_WARN_64_TO_32_BIT_CONVERSION = YES;
				GCC_WARN_ABOUT_RETURN_TYPE = YES_ERROR;
				GCC_WARN_UNDECLARED_SELECTOR = YES;
				GCC_WARN_UNINITIALIZED_AUTOS = YES_AGGRESSIVE;
				GCC_WARN_UNUSED_FUNCTION = YES;
				GCC_WARN_UNUSED_VARIABLE = YES;
				IPHONEOS_DEPLOYMENT_TARGET = 9.3;
				MTL_ENABLE_DEBUG_INFO = YES;
				ONLY_ACTIVE_ARCH = YES;
				SDKROOT = iphoneos;
				SWIFT_OPTIMIZATION_LEVEL = "-Onone";
			};
			name = Debug;
		};
		A00852FF1CACE9240076F011 /* Release */ = {
			isa = XCBuildConfiguration;
			buildSettings = {
				ALWAYS_SEARCH_USER_PATHS = NO;
				CLANG_ANALYZER_NONNULL = YES;
				CLANG_CXX_LANGUAGE_STANDARD = "gnu++0x";
				CLANG_CXX_LIBRARY = "libc++";
				CLANG_ENABLE_MODULES = YES;
				CLANG_ENABLE_OBJC_ARC = YES;
				CLANG_WARN_BOOL_CONVERSION = YES;
				CLANG_WARN_CONSTANT_CONVERSION = YES;
				CLANG_WARN_DIRECT_OBJC_ISA_USAGE = YES_ERROR;
				CLANG_WARN_EMPTY_BODY = YES;
				CLANG_WARN_ENUM_CONVERSION = YES;
				CLANG_WARN_INT_CONVERSION = YES;
				CLANG_WARN_OBJC_ROOT_CLASS = YES_ERROR;
				CLANG_WARN_UNREACHABLE_CODE = YES;
				CLANG_WARN__DUPLICATE_METHOD_MATCH = YES;
				"CODE_SIGN_IDENTITY[sdk=iphoneos*]" = "iPhone Developer";
				COPY_PHASE_STRIP = NO;
				DEBUG_INFORMATION_FORMAT = "dwarf-with-dsym";
				ENABLE_NS_ASSERTIONS = NO;
				ENABLE_STRICT_OBJC_MSGSEND = YES;
				GCC_C_LANGUAGE_STANDARD = gnu99;
				GCC_NO_COMMON_BLOCKS = YES;
				GCC_WARN_64_TO_32_BIT_CONVERSION = YES;
				GCC_WARN_ABOUT_RETURN_TYPE = YES_ERROR;
				GCC_WARN_UNDECLARED_SELECTOR = YES;
				GCC_WARN_UNINITIALIZED_AUTOS = YES_AGGRESSIVE;
				GCC_WARN_UNUSED_FUNCTION = YES;
				GCC_WARN_UNUSED_VARIABLE = YES;
				IPHONEOS_DEPLOYMENT_TARGET = 9.3;
				MTL_ENABLE_DEBUG_INFO = NO;
				SDKROOT = iphoneos;
				VALIDATE_PRODUCT = YES;
			};
			name = Release;
		};
		A00853011CACE9240076F011 /* Debug */ = {
			isa = XCBuildConfiguration;
			buildSettings = {
				ASSETCATALOG_COMPILER_APPICON_NAME = AppIcon;
				INFOPLIST_FILE = eXchangr/Info.plist;
				LD_RUNPATH_SEARCH_PATHS = "$(inherited) @executable_path/Frameworks";
				PRODUCT_BUNDLE_IDENTIFIER = com.eXchangr;
				PRODUCT_NAME = "$(TARGET_NAME)";
			};
			name = Debug;
		};
		A00853021CACE9240076F011 /* Release */ = {
			isa = XCBuildConfiguration;
			buildSettings = {
				ASSETCATALOG_COMPILER_APPICON_NAME = AppIcon;
				INFOPLIST_FILE = eXchangr/Info.plist;
				LD_RUNPATH_SEARCH_PATHS = "$(inherited) @executable_path/Frameworks";
				PRODUCT_BUNDLE_IDENTIFIER = com.eXchangr;
				PRODUCT_NAME = "$(TARGET_NAME)";
			};
			name = Release;
		};
/* End XCBuildConfiguration section */

/* Begin XCConfigurationList section */
		A00852E91CACE9240076F011 /* Build configuration list for PBXProject "eXchangr" */ = {
			isa = XCConfigurationList;
			buildConfigurations = (
				A00852FE1CACE9240076F011 /* Debug */,
				A00852FF1CACE9240076F011 /* Release */,
			);
			defaultConfigurationIsVisible = 0;
			defaultConfigurationName = Release;
		};
		A00853001CACE9240076F011 /* Build configuration list for PBXNativeTarget "eXchangr" */ = {
			isa = XCConfigurationList;
			buildConfigurations = (
				A00853011CACE9240076F011 /* Debug */,
				A00853021CACE9240076F011 /* Release */,
			);
			defaultConfigurationIsVisible = 0;
			defaultConfigurationName = Release;
		};
/* End XCConfigurationList section */
	};
	rootObject = A00852E61CACE9240076F011 /* Project object */;
}
